
Microsoft Visual Studio Solution File, Format Version 12.00
# Visual Studio Version 16
VisualStudioVersion = 16.0.29911.84
MinimumVisualStudioVersion = 10.0.40219.1
Project("{FAE04EC0-301F-11D3-BF4B-00C04F79EFBC}") = "DogWalkingAPI", "DogWalkingAPI\DogWalkingAPI.csproj", "{A7FE88B6-8C62-47FD-A1DF-2C145B092033}"
EndProject
Global
	GlobalSection(SolutionConfigurationPlatforms) = preSolution
		Debug|Any CPU = Debug|Any CPU
		Release|Any CPU = Release|Any CPU
	EndGlobalSection
	GlobalSection(ProjectConfigurationPlatforms) = postSolution
		{A7FE88B6-8C62-47FD-A1DF-2C145B092033}.Debug|Any CPU.ActiveCfg = Debug|Any CPU
		{A7FE88B6-8C62-47FD-A1DF-2C145B092033}.Debug|Any CPU.Build.0 = Debug|Any CPU
		{A7FE88B6-8C62-47FD-A1DF-2C145B092033}.Release|Any CPU.ActiveCfg = Release|Any CPU
		{A7FE88B6-8C62-47FD-A1DF-2C145B092033}.Release|Any CPU.Build.0 = Release|Any CPU
	EndGlobalSection
	GlobalSection(SolutionProperties) = preSolution
		HideSolutionNode = FALSE
	EndGlobalSection
	GlobalSection(ExtensibilityGlobals) = postSolution
		SolutionGuid = {0792962B-7ABF-459C-9310-CEA7A194CB03}
	EndGlobalSection
EndGlobal
